
Microsoft Visual Studio Solution File, Format Version 12.00
# Visual Studio 15
VisualStudioVersion = 15.0.28306.52
MinimumVisualStudioVersion = 10.0.40219.1
Project("{FAE04EC0-301F-11D3-BF4B-00C04F79EFBC}") = "warsztatSelenium", "warsztatSelenium\warsztatSelenium.csproj", "{B48B4505-89C9-4EEE-AC84-3D35914F16AB}"
EndProject
Project("{FAE04EC0-301F-11D3-BF4B-00C04F79EFBC}") = "popDay2", "popDay2\popDay2.csproj", "{A5B0F6F8-D60F-4362-A68C-33A890834577}"
EndProject
Global
	GlobalSection(SolutionConfigurationPlatforms) = preSolution
		Debug|Any CPU = Debug|Any CPU
		Release|Any CPU = Release|Any CPU
	EndGlobalSection
	GlobalSection(ProjectConfigurationPlatforms) = postSolution
		{B48B4505-89C9-4EEE-AC84-3D35914F16AB}.Debug|Any CPU.ActiveCfg = Debug|Any CPU
		{B48B4505-89C9-4EEE-AC84-3D35914F16AB}.Debug|Any CPU.Build.0 = Debug|Any CPU
		{B48B4505-89C9-4EEE-AC84-3D35914F16AB}.Release|Any CPU.ActiveCfg = Release|Any CPU
		{B48B4505-89C9-4EEE-AC84-3D35914F16AB}.Release|Any CPU.Build.0 = Release|Any CPU
		{A5B0F6F8-D60F-4362-A68C-33A890834577}.Debug|Any CPU.ActiveCfg = Debug|Any CPU
		{A5B0F6F8-D60F-4362-A68C-33A890834577}.Debug|Any CPU.Build.0 = Debug|Any CPU
		{A5B0F6F8-D60F-4362-A68C-33A890834577}.Release|Any CPU.ActiveCfg = Release|Any CPU
		{A5B0F6F8-D60F-4362-A68C-33A890834577}.Release|Any CPU.Build.0 = Release|Any CPU
	EndGlobalSection
	GlobalSection(SolutionProperties) = preSolution
		HideSolutionNode = FALSE
	EndGlobalSection
	GlobalSection(ExtensibilityGlobals) = postSolution
		SolutionGuid = {DFF8C06E-2491-472C-B41D-9C77CE361D73}
	EndGlobalSection
EndGlobal
