
Microsoft Visual Studio Solution File, Format Version 12.00
# Visual Studio 15
VisualStudioVersion = 15.0.28307.136
MinimumVisualStudioVersion = 10.0.40219.1
Project("{FAE04EC0-301F-11D3-BF4B-00C04F79EFBC}") = "Automatyzacja", "Automatyzacja\Automatyzacja.csproj", "{2BE4B088-97B5-4974-A2EE-0E2A727ABD37}"
EndProject
Global
	GlobalSection(SolutionConfigurationPlatforms) = preSolution
		Debug|Any CPU = Debug|Any CPU
		Release|Any CPU = Release|Any CPU
	EndGlobalSection
	GlobalSection(ProjectConfigurationPlatforms) = postSolution
		{2BE4B088-97B5-4974-A2EE-0E2A727ABD37}.Debug|Any CPU.ActiveCfg = Debug|Any CPU
		{2BE4B088-97B5-4974-A2EE-0E2A727ABD37}.Debug|Any CPU.Build.0 = Debug|Any CPU
		{2BE4B088-97B5-4974-A2EE-0E2A727ABD37}.Release|Any CPU.ActiveCfg = Release|Any CPU
		{2BE4B088-97B5-4974-A2EE-0E2A727ABD37}.Release|Any CPU.Build.0 = Release|Any CPU
	EndGlobalSection
	GlobalSection(SolutionProperties) = preSolution
		HideSolutionNode = FALSE
	EndGlobalSection
	GlobalSection(ExtensibilityGlobals) = postSolution
		SolutionGuid = {414A90B3-725D-411E-976D-D1A6103849A4}
	EndGlobalSection
EndGlobal
