
Microsoft Visual Studio Solution File, Format Version 12.00
# Visual Studio 15
VisualStudioVersion = 15.0.28307.136
MinimumVisualStudioVersion = 10.0.40219.1
Project("{FAE04EC0-301F-11D3-BF4B-00C04F79EFBC}") = "Automatyzacja", "Automatyzacja\Automatyzacja.csproj", "{C5CB2694-A2A4-42E1-8056-884B771E99B3}"
EndProject
Global
	GlobalSection(SolutionConfigurationPlatforms) = preSolution
		Debug|Any CPU = Debug|Any CPU
		Release|Any CPU = Release|Any CPU
	EndGlobalSection
	GlobalSection(ProjectConfigurationPlatforms) = postSolution
		{C5CB2694-A2A4-42E1-8056-884B771E99B3}.Debug|Any CPU.ActiveCfg = Debug|Any CPU
		{C5CB2694-A2A4-42E1-8056-884B771E99B3}.Debug|Any CPU.Build.0 = Debug|Any CPU
		{C5CB2694-A2A4-42E1-8056-884B771E99B3}.Release|Any CPU.ActiveCfg = Release|Any CPU
		{C5CB2694-A2A4-42E1-8056-884B771E99B3}.Release|Any CPU.Build.0 = Release|Any CPU
	EndGlobalSection
	GlobalSection(SolutionProperties) = preSolution
		HideSolutionNode = FALSE
	EndGlobalSection
	GlobalSection(ExtensibilityGlobals) = postSolution
		SolutionGuid = {3327A24B-9559-49A7-9801-1BE98C7D52F2}
	EndGlobalSection
EndGlobal
